
Microsoft Visual Studio Solution File, Format Version 12.00
# Visual Studio Version 16
VisualStudioVersion = 16.0.29509.3
MinimumVisualStudioVersion = 10.0.40219.1
Project("{FAE04EC0-301F-11D3-BF4B-00C04F79EFBC}") = "SimpleRPN", "SimpleRPN.csproj", "{033255FD-8BF6-4A43-B8F3-64A45FCC9159}"
EndProject
Global
	GlobalSection(SolutionConfigurationPlatforms) = preSolution
		Debug|Any CPU = Debug|Any CPU
		Release|Any CPU = Release|Any CPU
	EndGlobalSection
	GlobalSection(ProjectConfigurationPlatforms) = postSolution
		{033255FD-8BF6-4A43-B8F3-64A45FCC9159}.Debug|Any CPU.ActiveCfg = Debug|Any CPU
		{033255FD-8BF6-4A43-B8F3-64A45FCC9159}.Debug|Any CPU.Build.0 = Debug|Any CPU
		{033255FD-8BF6-4A43-B8F3-64A45FCC9159}.Release|Any CPU.ActiveCfg = Release|Any CPU
		{033255FD-8BF6-4A43-B8F3-64A45FCC9159}.Release|Any CPU.Build.0 = Release|Any CPU
	EndGlobalSection
	GlobalSection(SolutionProperties) = preSolution
		HideSolutionNode = FALSE
	EndGlobalSection
	GlobalSection(ExtensibilityGlobals) = postSolution
		SolutionGuid = {99EEFADF-B78C-4E22-9162-013A2083F47B}
	EndGlobalSection
EndGlobal
